{
  "name": "typescript-template",
  "version": "1.0.0",
  "lockfileVersion": 2,
  "requires": true,
  "packages": {
    "": {
      "name": "typescript-template",
      "version": "1.0.0",
      "license": "MIT",
      "devDependencies": {
        "@jaanjah/prettier-config": "^1.0.1",
        "@tsconfig/recommended": "^1.0.1",
        "typescript": "^4.6.3"
      },
      "engines": {
        "node": ">=16"
      }
    },
    "node_modules/@jaanjah/prettier-config": {
      "version": "1.0.1",
      "resolved": "https://registry.npmjs.org/@jaanjah/prettier-config/-/prettier-config-1.0.1.tgz",
      "integrity": "sha512-5nscYGbme9UzmUhUSctYnpnn8HGAKyLvo40NY6n9dqVasAiUbWISQZ7PXPtH5GF4n0ZWEmQj/C20wkwc4wU+JQ==",
      "dev": true
    },
    "node_modules/@tsconfig/recommended": {
      "version": "1.0.1",
      "resolved": "https://registry.npmjs.org/@tsconfig/recommended/-/recommended-1.0.1.tgz",
      "integrity": "sha512-2xN+iGTbPBEzGSnVp/Hd64vKJCJWxsi9gfs88x4PPMyEjHJoA3o5BY9r5OLPHIZU2pAQxkSAsJFqn6itClP8mQ==",
      "dev": true
    },
    "node_modules/typescript": {
      "version": "4.6.3",
      "resolved": "https://registry.npmjs.org/typescript/-/typescript-4.6.3.tgz",
      "integrity": "sha512-yNIatDa5iaofVozS/uQJEl3JRWLKKGJKh6Yaiv0GLGSuhpFJe7P3SbHZ8/yjAHRQwKRoA6YZqlfjXWmVzoVSMw==",
      "dev": true,
      "bin": {
        "tsc": "bin/tsc",
        "tsserver": "bin/tsserver"
      },
      "engines": {
        "node": ">=4.2.0"
      }
    }
  },
  "dependencies": {
    "@jaanjah/prettier-config": {
      "version": "1.0.1",
      "resolved": "https://registry.npmjs.org/@jaanjah/prettier-config/-/prettier-config-1.0.1.tgz",
      "integrity": "sha512-5nscYGbme9UzmUhUSctYnpnn8HGAKyLvo40NY6n9dqVasAiUbWISQZ7PXPtH5GF4n0ZWEmQj/C20wkwc4wU+JQ==",
      "dev": true
    },
    "@tsconfig/recommended": {
      "version": "1.0.1",
      "resolved": "https://registry.npmjs.org/@tsconfig/recommended/-/recommended-1.0.1.tgz",
      "integrity": "sha512-2xN+iGTbPBEzGSnVp/Hd64vKJCJWxsi9gfs88x4PPMyEjHJoA3o5BY9r5OLPHIZU2pAQxkSAsJFqn6itClP8mQ==",
      "dev": true
    },
    "typescript": {
      "version": "4.6.3",
      "resolved": "https://registry.npmjs.org/typescript/-/typescript-4.6.3.tgz",
      "integrity": "sha512-yNIatDa5iaofVozS/uQJEl3JRWLKKGJKh6Yaiv0GLGSuhpFJe7P3SbHZ8/yjAHRQwKRoA6YZqlfjXWmVzoVSMw==",
      "dev": true
    }
  }
}
