{
  "name": "typescript-template",
  "version": "1.0.0",
  "lockfileVersion": 2,
  "requires": true,
  "packages": {
    "": {
      "name": "typescript-template",
      "version": "1.0.0",
      "license": "MIT",
      "devDependencies": {
        "@jaanjah/prettier-config": "^1.0.1"
      }
    },
    "node_modules/@jaanjah/prettier-config": {
      "version": "1.0.1",
      "resolved": "https://registry.npmjs.org/@jaanjah/prettier-config/-/prettier-config-1.0.1.tgz",
      "integrity": "sha512-5nscYGbme9UzmUhUSctYnpnn8HGAKyLvo40NY6n9dqVasAiUbWISQZ7PXPtH5GF4n0ZWEmQj/C20wkwc4wU+JQ==",
      "dev": true
    }
  },
  "dependencies": {
    "@jaanjah/prettier-config": {
      "version": "1.0.1",
      "resolved": "https://registry.npmjs.org/@jaanjah/prettier-config/-/prettier-config-1.0.1.tgz",
      "integrity": "sha512-5nscYGbme9UzmUhUSctYnpnn8HGAKyLvo40NY6n9dqVasAiUbWISQZ7PXPtH5GF4n0ZWEmQj/C20wkwc4wU+JQ==",
      "dev": true
    }
  }
}
